
Microsoft Visual Studio Solution File, Format Version 12.00
# Visual Studio 2013
VisualStudioVersion = 12.0.31101.0
MinimumVisualStudioVersion = 10.0.40219.1
Project("{F184B08F-C81C-45F6-A57F-5ABD9991F28F}") = "OrklaRT", "OrklaRT\OrklaRT.vbproj", "{E0D42B3F-7F55-45A8-B769-797FC4DFF28A}"
EndProject
Project("{FAE04EC0-301F-11D3-BF4B-00C04F79EFBC}") = "OrklaRTBPL", "BPL\OrklaRTBPL.csproj", "{3D34EEC8-A7D9-4DCA-B434-6B1F144F2EC4}"
EndProject
Project("{FAE04EC0-301F-11D3-BF4B-00C04F79EFBC}") = "SelectionPane", "SelectionPane\SelectionPane.csproj", "{4D2079EB-0BB9-4729-ABDA-A6E9B5376B11}"
EndProject
Global
	GlobalSection(SolutionConfigurationPlatforms) = preSolution
		Debug|Any CPU = Debug|Any CPU
		Release|Any CPU = Release|Any CPU
	EndGlobalSection
	GlobalSection(ProjectConfigurationPlatforms) = postSolution
		{E0D42B3F-7F55-45A8-B769-797FC4DFF28A}.Debug|Any CPU.ActiveCfg = Debug|Any CPU
		{E0D42B3F-7F55-45A8-B769-797FC4DFF28A}.Debug|Any CPU.Build.0 = Debug|Any CPU
		{E0D42B3F-7F55-45A8-B769-797FC4DFF28A}.Release|Any CPU.ActiveCfg = Debug|Any CPU
		{E0D42B3F-7F55-45A8-B769-797FC4DFF28A}.Release|Any CPU.Build.0 = Debug|Any CPU
		{3D34EEC8-A7D9-4DCA-B434-6B1F144F2EC4}.Debug|Any CPU.ActiveCfg = Debug|Any CPU
		{3D34EEC8-A7D9-4DCA-B434-6B1F144F2EC4}.Debug|Any CPU.Build.0 = Debug|Any CPU
		{3D34EEC8-A7D9-4DCA-B434-6B1F144F2EC4}.Release|Any CPU.ActiveCfg = Debug|Any CPU
		{3D34EEC8-A7D9-4DCA-B434-6B1F144F2EC4}.Release|Any CPU.Build.0 = Debug|Any CPU
		{4D2079EB-0BB9-4729-ABDA-A6E9B5376B11}.Debug|Any CPU.ActiveCfg = Debug|Any CPU
		{4D2079EB-0BB9-4729-ABDA-A6E9B5376B11}.Debug|Any CPU.Build.0 = Debug|Any CPU
		{4D2079EB-0BB9-4729-ABDA-A6E9B5376B11}.Release|Any CPU.ActiveCfg = Debug|Any CPU
		{4D2079EB-0BB9-4729-ABDA-A6E9B5376B11}.Release|Any CPU.Build.0 = Debug|Any CPU
	EndGlobalSection
	GlobalSection(SolutionProperties) = preSolution
		HideSolutionNode = FALSE
	EndGlobalSection
EndGlobal
